<?xml version="1.0" encoding="utf-8"?>
<Project ToolsVersion="4.0" xmlns="http://schemas.microsoft.com/developer/msbuild/2003">
  <ItemGroup>
    <Filter Include="Source Files">
      <UniqueIdentifier>{4FC737F1-C7A5-4376-A066-2A32D752A2FF}</UniqueIdentifier>
      <Extensions>cpp;c;cc;cxx;c++;def;odl;idl;hpj;bat;asm;asmx</Extensions>
    </Filter>
    <Filter Include="Header Files">
      <UniqueIdentifier>{93995380-89BD-4b04-88EB-625FBE52EBFB}</UniqueIdentifier>
      <Extensions>h;hh;hpp;hxx;h++;hm;inl;inc;ipp;xsd</Extensions>
    </Filter>
    <Filter Include="Resource Files">
      <UniqueIdentifier>{67DA6AB6-F800-4c08-8B7A-83BB121AAD01}</UniqueIdentifier>
      <Extensions>rc;ico;cur;bmp;dlg;rc2;rct;bin;rgs;gif;jpg;jpeg;jpe;resx;tiff;tif;png;wav;mfcribbon-ms</Extensions>
    </Filter>
  </ItemGroup>
  <ItemGroup>
    <ClCompile Include="internal\Bitmap.cpp">
      <Filter>Source Files</Filter>
    </ClCompile>
    <ClCompile Include="internal\Camera.cpp">
      <Filter>Source Files</Filter>
    </ClCompile>
    <ClCompile Include="internal\ColorShader.cpp">
      <Filter>Source Files</Filter>
    </ClCompile>
    <ClCompile Include="internal\D3D.cpp">
      <Filter>Source Files</Filter>
    </ClCompile>
    <ClCompile Include="internal\DDSTextureLoader.cpp">
      <Filter>Source Files</Filter>
    </ClCompile>
    <ClCompile Include="internal\Font.cpp">
      <Filter>Source Files</Filter>
    </ClCompile>
    <ClCompile Include="internal\FontShader.cpp">
      <Filter>Source Files</Filter>
    </ClCompile>
    <ClCompile Include="internal\Graphics.cpp">
      <Filter>Source Files</Filter>
    </ClCompile>
    <ClCompile Include="internal\Light.cpp">
      <Filter>Source Files</Filter>
    </ClCompile>
    <ClCompile Include="internal\LightShader.cpp">
      <Filter>Source Files</Filter>
    </ClCompile>
    <ClCompile Include="internal\Model.cpp">
      <Filter>Source Files</Filter>
    </ClCompile>
    <ClCompile Include="internal\Text.cpp">
      <Filter>Source Files</Filter>
    </ClCompile>
    <ClCompile Include="internal\Texture.cpp">
      <Filter>Source Files</Filter>
    </ClCompile>
    <ClCompile Include="internal\TextureShader.cpp">
      <Filter>Source Files</Filter>
    </ClCompile>
    <ClCompile Include="D3DModel.cpp">
      <Filter>Source Files</Filter>
    </ClCompile>
    <ClCompile Include="D3DSprite.cpp">
      <Filter>Source Files</Filter>
    </ClCompile>
    <ClCompile Include="D3DText.cpp">
      <Filter>Source Files</Filter>
    </ClCompile>
    <ClCompile Include="D3DSystem.cpp">
      <Filter>Source Files</Filter>
    </ClCompile>
    <ClCompile Include="main.cpp">
      <Filter>Source Files</Filter>
    </ClCompile>
    <ClCompile Include="internal\FrameCounter.cpp">
      <Filter>Source Files</Filter>
    </ClCompile>
    <ClCompile Include="internal\Timer.cpp">
      <Filter>Source Files</Filter>
    </ClCompile>
    <ClCompile Include="internal\CPUUsage.cpp">
      <Filter>Source Files</Filter>
    </ClCompile>
    <ClCompile Include="internal\Frustum.cpp">
      <Filter>Source Files</Filter>
    </ClCompile>
    <ClCompile Include="internal\ModelList.cpp">
      <Filter>Source Files</Filter>
    </ClCompile>
    <ClCompile Include="internal\RenderTexture.cpp">
      <Filter>Source Files</Filter>
    </ClCompile>
    <ClCompile Include="internal\RenderTextureBitmap.cpp">
      <Filter>Source Files</Filter>
    </ClCompile>
  </ItemGroup>
  <ItemGroup>
    <ClInclude Include="internal\Bitmap.h">
      <Filter>Header Files</Filter>
    </ClInclude>
    <ClInclude Include="internal\Camera.h">
      <Filter>Header Files</Filter>
    </ClInclude>
    <ClInclude Include="internal\ColorShader.h">
      <Filter>Header Files</Filter>
    </ClInclude>
    <ClInclude Include="internal\D3D.h">
      <Filter>Header Files</Filter>
    </ClInclude>
    <ClInclude Include="internal\DDSTextureLoader.h">
      <Filter>Header Files</Filter>
    </ClInclude>
    <ClInclude Include="internal\Font.h">
      <Filter>Header Files</Filter>
    </ClInclude>
    <ClInclude Include="internal\FontShader.h">
      <Filter>Header Files</Filter>
    </ClInclude>
    <ClInclude Include="internal\Graphics.h">
      <Filter>Header Files</Filter>
    </ClInclude>
    <ClInclude Include="internal\Light.h">
      <Filter>Header Files</Filter>
    </ClInclude>
    <ClInclude Include="internal\LightShader.h">
      <Filter>Header Files</Filter>
    </ClInclude>
    <ClInclude Include="internal\Model.h">
      <Filter>Header Files</Filter>
    </ClInclude>
    <ClInclude Include="internal\Text.h">
      <Filter>Header Files</Filter>
    </ClInclude>
    <ClInclude Include="internal\Texture.h">
      <Filter>Header Files</Filter>
    </ClInclude>
    <ClInclude Include="internal\TextureShader.h">
      <Filter>Header Files</Filter>
    </ClInclude>
    <ClInclude Include="D3DModel.h">
      <Filter>Header Files</Filter>
    </ClInclude>
    <ClInclude Include="D3DSprite.h">
      <Filter>Header Files</Filter>
    </ClInclude>
    <ClInclude Include="D3DText.h">
      <Filter>Header Files</Filter>
    </ClInclude>
    <ClInclude Include="D3DSystem.h">
      <Filter>Header Files</Filter>
    </ClInclude>
    <ClInclude Include="internal\FrameCounter.h">
      <Filter>Header Files</Filter>
    </ClInclude>
    <ClInclude Include="internal\Timer.h">
      <Filter>Header Files</Filter>
    </ClInclude>
    <ClInclude Include="internal\CPUUsage.h">
      <Filter>Header Files</Filter>
    </ClInclude>
    <ClInclude Include="internal\Frustum.h">
      <Filter>Header Files</Filter>
    </ClInclude>
    <ClInclude Include="internal\ModelList.h">
      <Filter>Header Files</Filter>
    </ClInclude>
    <ClInclude Include="internal\RenderTexture.h">
      <Filter>Header Files</Filter>
    </ClInclude>
    <ClInclude Include="internal\RenderTextureBitmap.h">
      <Filter>Header Files</Filter>
    </ClInclude>
  </ItemGroup>
</Project>