
Microsoft Visual Studio Solution File, Format Version 12.00
# Visual Studio Version 16
VisualStudioVersion = 16.0.30011.22
MinimumVisualStudioVersion = 10.0.40219.1
Project("{8BC9CEB8-8B4A-11D0-8D11-00A0C91BC942}") = "Engine", "Engine\Engine.vcxproj", "{9828A552-6C64-4010-8EFF-E5DB42002211}"
EndProject
Project("{8BC9CEB8-8B4A-11D0-8D11-00A0C91BC942}") = "Editor", "Editor\Editor.vcxproj", "{2F67138B-C406-4A3D-9C04-BF2DB1B93F33}"
EndProject
Project("{8BC9CEB8-8B4A-11D0-8D11-00A0C91BC942}") = "CommonUtilities", "CommonUtilities\CommonUtilities.vcxproj", "{714DCAAC-B109-4795-9ED1-192E3E5677F3}"
EndProject
Project("{8BC9CEB8-8B4A-11D0-8D11-00A0C91BC942}") = "ImGui", "ImGui\ImGui.vcxproj", "{E4DECE3A-760C-471C-AA00-3782601B1DFB}"
EndProject
Project("{8BC9CEB8-8B4A-11D0-8D11-00A0C91BC942}") = "D3DX11", "D3DX11\D3DX11.vcxproj", "{0F088D2E-AE36-4359-B066-E3951C700AB0}"
EndProject
Project("{8BC9CEB8-8B4A-11D0-8D11-00A0C91BC942}") = "Launcher", "Launcher\Launcher.vcxproj", "{F82B4CED-3DF9-4238-8094-6AD9A2B0C4E4}"
EndProject
Project("{8BC9CEB8-8B4A-11D0-8D11-00A0C91BC942}") = "EngineLoader", "EngineLoader\EngineLoader.vcxproj", "{14705130-4476-4D35-84CA-5379CB211319}"
EndProject
Global
	GlobalSection(SolutionConfigurationPlatforms) = preSolution
		Debug|x64 = Debug|x64
		Debug|x86 = Debug|x86
		Release|x64 = Release|x64
		Release|x86 = Release|x86
		Retail|x64 = Retail|x64
		Retail|x86 = Retail|x86
	EndGlobalSection
	GlobalSection(ProjectConfigurationPlatforms) = postSolution
		{9828A552-6C64-4010-8EFF-E5DB42002211}.Debug|x64.ActiveCfg = Debug|x64
		{9828A552-6C64-4010-8EFF-E5DB42002211}.Debug|x64.Build.0 = Debug|x64
		{9828A552-6C64-4010-8EFF-E5DB42002211}.Debug|x86.ActiveCfg = Debug|Win32
		{9828A552-6C64-4010-8EFF-E5DB42002211}.Debug|x86.Build.0 = Debug|Win32
		{9828A552-6C64-4010-8EFF-E5DB42002211}.Release|x64.ActiveCfg = Release|x64
		{9828A552-6C64-4010-8EFF-E5DB42002211}.Release|x64.Build.0 = Release|x64
		{9828A552-6C64-4010-8EFF-E5DB42002211}.Release|x86.ActiveCfg = Release|Win32
		{9828A552-6C64-4010-8EFF-E5DB42002211}.Release|x86.Build.0 = Release|Win32
		{9828A552-6C64-4010-8EFF-E5DB42002211}.Retail|x64.ActiveCfg = Release|x64
		{9828A552-6C64-4010-8EFF-E5DB42002211}.Retail|x64.Build.0 = Release|x64
		{9828A552-6C64-4010-8EFF-E5DB42002211}.Retail|x86.ActiveCfg = Release|Win32
		{9828A552-6C64-4010-8EFF-E5DB42002211}.Retail|x86.Build.0 = Release|Win32
		{2F67138B-C406-4A3D-9C04-BF2DB1B93F33}.Debug|x64.ActiveCfg = Debug|x64
		{2F67138B-C406-4A3D-9C04-BF2DB1B93F33}.Debug|x64.Build.0 = Debug|x64
		{2F67138B-C406-4A3D-9C04-BF2DB1B93F33}.Debug|x86.ActiveCfg = Debug|Win32
		{2F67138B-C406-4A3D-9C04-BF2DB1B93F33}.Debug|x86.Build.0 = Debug|Win32
		{2F67138B-C406-4A3D-9C04-BF2DB1B93F33}.Release|x64.ActiveCfg = Release|x64
		{2F67138B-C406-4A3D-9C04-BF2DB1B93F33}.Release|x64.Build.0 = Release|x64
		{2F67138B-C406-4A3D-9C04-BF2DB1B93F33}.Release|x86.ActiveCfg = Release|Win32
		{2F67138B-C406-4A3D-9C04-BF2DB1B93F33}.Release|x86.Build.0 = Release|Win32
		{2F67138B-C406-4A3D-9C04-BF2DB1B93F33}.Retail|x64.ActiveCfg = Release|x64
		{2F67138B-C406-4A3D-9C04-BF2DB1B93F33}.Retail|x64.Build.0 = Release|x64
		{2F67138B-C406-4A3D-9C04-BF2DB1B93F33}.Retail|x86.ActiveCfg = Release|Win32
		{2F67138B-C406-4A3D-9C04-BF2DB1B93F33}.Retail|x86.Build.0 = Release|Win32
		{714DCAAC-B109-4795-9ED1-192E3E5677F3}.Debug|x64.ActiveCfg = Debug|x64
		{714DCAAC-B109-4795-9ED1-192E3E5677F3}.Debug|x64.Build.0 = Debug|x64
		{714DCAAC-B109-4795-9ED1-192E3E5677F3}.Debug|x86.ActiveCfg = Debug|Win32
		{714DCAAC-B109-4795-9ED1-192E3E5677F3}.Debug|x86.Build.0 = Debug|Win32
		{714DCAAC-B109-4795-9ED1-192E3E5677F3}.Release|x64.ActiveCfg = Release|x64
		{714DCAAC-B109-4795-9ED1-192E3E5677F3}.Release|x64.Build.0 = Release|x64
		{714DCAAC-B109-4795-9ED1-192E3E5677F3}.Release|x86.ActiveCfg = Release|Win32
		{714DCAAC-B109-4795-9ED1-192E3E5677F3}.Release|x86.Build.0 = Release|Win32
		{714DCAAC-B109-4795-9ED1-192E3E5677F3}.Retail|x64.ActiveCfg = Retail|x64
		{714DCAAC-B109-4795-9ED1-192E3E5677F3}.Retail|x64.Build.0 = Retail|x64
		{714DCAAC-B109-4795-9ED1-192E3E5677F3}.Retail|x86.ActiveCfg = Retail|Win32
		{714DCAAC-B109-4795-9ED1-192E3E5677F3}.Retail|x86.Build.0 = Retail|Win32
		{E4DECE3A-760C-471C-AA00-3782601B1DFB}.Debug|x64.ActiveCfg = Debug|x64
		{E4DECE3A-760C-471C-AA00-3782601B1DFB}.Debug|x64.Build.0 = Debug|x64
		{E4DECE3A-760C-471C-AA00-3782601B1DFB}.Debug|x86.ActiveCfg = Debug|Win32
		{E4DECE3A-760C-471C-AA00-3782601B1DFB}.Debug|x86.Build.0 = Debug|Win32
		{E4DECE3A-760C-471C-AA00-3782601B1DFB}.Release|x64.ActiveCfg = Release|x64
		{E4DECE3A-760C-471C-AA00-3782601B1DFB}.Release|x64.Build.0 = Release|x64
		{E4DECE3A-760C-471C-AA00-3782601B1DFB}.Release|x86.ActiveCfg = Release|Win32
		{E4DECE3A-760C-471C-AA00-3782601B1DFB}.Release|x86.Build.0 = Release|Win32
		{E4DECE3A-760C-471C-AA00-3782601B1DFB}.Retail|x64.ActiveCfg = Release|x64
		{E4DECE3A-760C-471C-AA00-3782601B1DFB}.Retail|x64.Build.0 = Release|x64
		{E4DECE3A-760C-471C-AA00-3782601B1DFB}.Retail|x86.ActiveCfg = Release|Win32
		{E4DECE3A-760C-471C-AA00-3782601B1DFB}.Retail|x86.Build.0 = Release|Win32
		{0F088D2E-AE36-4359-B066-E3951C700AB0}.Debug|x64.ActiveCfg = Debug|x64
		{0F088D2E-AE36-4359-B066-E3951C700AB0}.Debug|x64.Build.0 = Debug|x64
		{0F088D2E-AE36-4359-B066-E3951C700AB0}.Debug|x86.ActiveCfg = Debug|Win32
		{0F088D2E-AE36-4359-B066-E3951C700AB0}.Debug|x86.Build.0 = Debug|Win32
		{0F088D2E-AE36-4359-B066-E3951C700AB0}.Release|x64.ActiveCfg = Release|x64
		{0F088D2E-AE36-4359-B066-E3951C700AB0}.Release|x64.Build.0 = Release|x64
		{0F088D2E-AE36-4359-B066-E3951C700AB0}.Release|x86.ActiveCfg = Release|Win32
		{0F088D2E-AE36-4359-B066-E3951C700AB0}.Release|x86.Build.0 = Release|Win32
		{0F088D2E-AE36-4359-B066-E3951C700AB0}.Retail|x64.ActiveCfg = Release|x64
		{0F088D2E-AE36-4359-B066-E3951C700AB0}.Retail|x64.Build.0 = Release|x64
		{0F088D2E-AE36-4359-B066-E3951C700AB0}.Retail|x86.ActiveCfg = Release|Win32
		{0F088D2E-AE36-4359-B066-E3951C700AB0}.Retail|x86.Build.0 = Release|Win32
		{F82B4CED-3DF9-4238-8094-6AD9A2B0C4E4}.Debug|x64.ActiveCfg = Debug|x64
		{F82B4CED-3DF9-4238-8094-6AD9A2B0C4E4}.Debug|x64.Build.0 = Debug|x64
		{F82B4CED-3DF9-4238-8094-6AD9A2B0C4E4}.Debug|x86.ActiveCfg = Debug|Win32
		{F82B4CED-3DF9-4238-8094-6AD9A2B0C4E4}.Debug|x86.Build.0 = Debug|Win32
		{F82B4CED-3DF9-4238-8094-6AD9A2B0C4E4}.Release|x64.ActiveCfg = Release|x64
		{F82B4CED-3DF9-4238-8094-6AD9A2B0C4E4}.Release|x64.Build.0 = Release|x64
		{F82B4CED-3DF9-4238-8094-6AD9A2B0C4E4}.Release|x86.ActiveCfg = Release|Win32
		{F82B4CED-3DF9-4238-8094-6AD9A2B0C4E4}.Release|x86.Build.0 = Release|Win32
		{F82B4CED-3DF9-4238-8094-6AD9A2B0C4E4}.Retail|x64.ActiveCfg = Release|x64
		{F82B4CED-3DF9-4238-8094-6AD9A2B0C4E4}.Retail|x64.Build.0 = Release|x64
		{F82B4CED-3DF9-4238-8094-6AD9A2B0C4E4}.Retail|x86.ActiveCfg = Release|Win32
		{F82B4CED-3DF9-4238-8094-6AD9A2B0C4E4}.Retail|x86.Build.0 = Release|Win32
		{14705130-4476-4D35-84CA-5379CB211319}.Debug|x64.ActiveCfg = Debug|x64
		{14705130-4476-4D35-84CA-5379CB211319}.Debug|x64.Build.0 = Debug|x64
		{14705130-4476-4D35-84CA-5379CB211319}.Debug|x86.ActiveCfg = Debug|Win32
		{14705130-4476-4D35-84CA-5379CB211319}.Debug|x86.Build.0 = Debug|Win32
		{14705130-4476-4D35-84CA-5379CB211319}.Release|x64.ActiveCfg = Release|x64
		{14705130-4476-4D35-84CA-5379CB211319}.Release|x64.Build.0 = Release|x64
		{14705130-4476-4D35-84CA-5379CB211319}.Release|x86.ActiveCfg = Release|Win32
		{14705130-4476-4D35-84CA-5379CB211319}.Release|x86.Build.0 = Release|Win32
		{14705130-4476-4D35-84CA-5379CB211319}.Retail|x64.ActiveCfg = Release|x64
		{14705130-4476-4D35-84CA-5379CB211319}.Retail|x64.Build.0 = Release|x64
		{14705130-4476-4D35-84CA-5379CB211319}.Retail|x86.ActiveCfg = Release|Win32
		{14705130-4476-4D35-84CA-5379CB211319}.Retail|x86.Build.0 = Release|Win32
	EndGlobalSection
	GlobalSection(SolutionProperties) = preSolution
		HideSolutionNode = FALSE
	EndGlobalSection
	GlobalSection(ExtensibilityGlobals) = postSolution
		SolutionGuid = {100128E8-D668-41EA-A280-0A514AD91633}
	EndGlobalSection
EndGlobal
